
Microsoft Visual Studio Solution File, Format Version 12.00
# Visual Studio 15
VisualStudioVersion = 15.0.27130.2024
MinimumVisualStudioVersion = 10.0.40219.1
Project("{9A19103F-16F7-4668-BE54-9A1E7A4F7556}") = "MbedCloudSDK", "src\MbedCloudSDK.csproj", "{A4DB4320-78B2-498E-9087-919EC6259454}"
EndProject
Project("{2150E333-8FDC-42A3-9474-1A3956D46DE8}") = "Examples", "Examples", "{28E4D94D-24CB-4400-9363-9655C065BFE4}"
EndProject
Project("{2150E333-8FDC-42A3-9474-1A3956D46DE8}") = "Tests", "Tests", "{CD44A263-F1FC-48C0-A68A-A59C3453462A}"
EndProject
Project("{9A19103F-16F7-4668-BE54-9A1E7A4F7556}") = "MbedCloudSDK.UnitTests", "Tests\MbedCloudSDK.UnitTests\MbedCloudSDK.UnitTests.csproj", "{91B6F8BE-F75B-4414-BAA4-966E1F76BC24}"
EndProject
Project("{9A19103F-16F7-4668-BE54-9A1E7A4F7556}") = "MbedCloudSDK.IntegrationTests", "Tests\MbedCloudSDK.IntegrationTests\MbedCloudSDK.IntegrationTests.csproj", "{C5AC23C6-1F58-4259-B290-BBA2B74CC87D}"
EndProject
Project("{FAE04EC0-301F-11D3-BF4B-00C04F79EFBC}") = "Snippets", "Examples\Snippets\Snippets.csproj", "{8480627B-22AB-4424-B10D-CB7E6B886276}"
EndProject
Project("{FAE04EC0-301F-11D3-BF4B-00C04F79EFBC}") = "Playground", "Playground\Playground.csproj", "{8C7EEE08-D5C1-4842-A4C3-55E188B142CF}"
EndProject
Project("{2150E333-8FDC-42A3-9474-1A3956D46DE8}") = "Manhasset", "Manhasset", "{AA973726-CE3F-4C73-B6F5-02089803A55C}"
EndProject
Project("{FAE04EC0-301F-11D3-BF4B-00C04F79EFBC}") = "Manhasset.Core", "Manhasset\Manhasset.Core\Manhasset.Core.csproj", "{7665B473-F705-4718-B311-4FBE27C346A1}"
EndProject
Project("{FAE04EC0-301F-11D3-BF4B-00C04F79EFBC}") = "Manhasset.Generator", "Manhasset\Manhasset.Generator\Manhasset.Generator.csproj", "{69F7C1C6-C0B9-4F8A-A062-90747FBBE112}"
EndProject
Project("{FAE04EC0-301F-11D3-BF4B-00C04F79EFBC}") = "Manhasset.Runner", "Manhasset\Manhasset.Runner\Manhasset.Runner.csproj", "{077486EA-AAE8-4094-9851-C1C6701D29F0}"
EndProject
Global
	GlobalSection(SolutionConfigurationPlatforms) = preSolution
		Debug|Any CPU = Debug|Any CPU
		Release|Any CPU = Release|Any CPU
	EndGlobalSection
	GlobalSection(ProjectConfigurationPlatforms) = postSolution
		{A4DB4320-78B2-498E-9087-919EC6259454}.Debug|Any CPU.ActiveCfg = Debug|Any CPU
		{A4DB4320-78B2-498E-9087-919EC6259454}.Debug|Any CPU.Build.0 = Debug|Any CPU
		{A4DB4320-78B2-498E-9087-919EC6259454}.Release|Any CPU.ActiveCfg = Release|Any CPU
		{A4DB4320-78B2-498E-9087-919EC6259454}.Release|Any CPU.Build.0 = Release|Any CPU
		{91B6F8BE-F75B-4414-BAA4-966E1F76BC24}.Debug|Any CPU.ActiveCfg = Debug|Any CPU
		{91B6F8BE-F75B-4414-BAA4-966E1F76BC24}.Debug|Any CPU.Build.0 = Debug|Any CPU
		{91B6F8BE-F75B-4414-BAA4-966E1F76BC24}.Release|Any CPU.ActiveCfg = Release|Any CPU
		{91B6F8BE-F75B-4414-BAA4-966E1F76BC24}.Release|Any CPU.Build.0 = Release|Any CPU
		{C5AC23C6-1F58-4259-B290-BBA2B74CC87D}.Debug|Any CPU.ActiveCfg = Debug|Any CPU
		{C5AC23C6-1F58-4259-B290-BBA2B74CC87D}.Debug|Any CPU.Build.0 = Debug|Any CPU
		{C5AC23C6-1F58-4259-B290-BBA2B74CC87D}.Release|Any CPU.ActiveCfg = Release|Any CPU
		{C5AC23C6-1F58-4259-B290-BBA2B74CC87D}.Release|Any CPU.Build.0 = Release|Any CPU
		{8480627B-22AB-4424-B10D-CB7E6B886276}.Debug|Any CPU.ActiveCfg = Debug|Any CPU
		{8480627B-22AB-4424-B10D-CB7E6B886276}.Debug|Any CPU.Build.0 = Debug|Any CPU
		{8480627B-22AB-4424-B10D-CB7E6B886276}.Release|Any CPU.ActiveCfg = Release|Any CPU
		{8480627B-22AB-4424-B10D-CB7E6B886276}.Release|Any CPU.Build.0 = Release|Any CPU
		{8C7EEE08-D5C1-4842-A4C3-55E188B142CF}.Debug|Any CPU.ActiveCfg = Debug|Any CPU
		{8C7EEE08-D5C1-4842-A4C3-55E188B142CF}.Debug|Any CPU.Build.0 = Debug|Any CPU
		{8C7EEE08-D5C1-4842-A4C3-55E188B142CF}.Release|Any CPU.ActiveCfg = Release|Any CPU
		{8C7EEE08-D5C1-4842-A4C3-55E188B142CF}.Release|Any CPU.Build.0 = Release|Any CPU
		{7665B473-F705-4718-B311-4FBE27C346A1}.Debug|Any CPU.ActiveCfg = Debug|Any CPU
		{7665B473-F705-4718-B311-4FBE27C346A1}.Debug|Any CPU.Build.0 = Debug|Any CPU
		{7665B473-F705-4718-B311-4FBE27C346A1}.Release|Any CPU.ActiveCfg = Release|Any CPU
		{7665B473-F705-4718-B311-4FBE27C346A1}.Release|Any CPU.Build.0 = Release|Any CPU
		{69F7C1C6-C0B9-4F8A-A062-90747FBBE112}.Debug|Any CPU.ActiveCfg = Debug|Any CPU
		{69F7C1C6-C0B9-4F8A-A062-90747FBBE112}.Debug|Any CPU.Build.0 = Debug|Any CPU
		{69F7C1C6-C0B9-4F8A-A062-90747FBBE112}.Release|Any CPU.ActiveCfg = Release|Any CPU
		{69F7C1C6-C0B9-4F8A-A062-90747FBBE112}.Release|Any CPU.Build.0 = Release|Any CPU
		{077486EA-AAE8-4094-9851-C1C6701D29F0}.Debug|Any CPU.ActiveCfg = Debug|Any CPU
		{077486EA-AAE8-4094-9851-C1C6701D29F0}.Debug|Any CPU.Build.0 = Debug|Any CPU
		{077486EA-AAE8-4094-9851-C1C6701D29F0}.Release|Any CPU.ActiveCfg = Release|Any CPU
		{077486EA-AAE8-4094-9851-C1C6701D29F0}.Release|Any CPU.Build.0 = Release|Any CPU
	EndGlobalSection
	GlobalSection(SolutionProperties) = preSolution
		HideSolutionNode = FALSE
	EndGlobalSection
	GlobalSection(NestedProjects) = preSolution
		{91B6F8BE-F75B-4414-BAA4-966E1F76BC24} = {CD44A263-F1FC-48C0-A68A-A59C3453462A}
		{C5AC23C6-1F58-4259-B290-BBA2B74CC87D} = {CD44A263-F1FC-48C0-A68A-A59C3453462A}
		{8480627B-22AB-4424-B10D-CB7E6B886276} = {28E4D94D-24CB-4400-9363-9655C065BFE4}
		{7665B473-F705-4718-B311-4FBE27C346A1} = {AA973726-CE3F-4C73-B6F5-02089803A55C}
		{69F7C1C6-C0B9-4F8A-A062-90747FBBE112} = {AA973726-CE3F-4C73-B6F5-02089803A55C}
		{077486EA-AAE8-4094-9851-C1C6701D29F0} = {AA973726-CE3F-4C73-B6F5-02089803A55C}
	EndGlobalSection
	GlobalSection(ExtensibilityGlobals) = postSolution
		SolutionGuid = {9F9FD089-BBBB-4F23-83F8-97E8B482DA37}
	EndGlobalSection
EndGlobal
