
Microsoft Visual Studio Solution File, Format Version 12.00
# Visual Studio 14
VisualStudioVersion = 14.0.25420.1
MinimumVisualStudioVersion = 10.0.40219.1
Project("{2150E333-8FDC-42A3-9474-1A3956D46DE8}") = "Examples", "Examples", "{36601451-DCEC-4FF3-A073-D740D80DAB16}"
EndProject
Project("{FAE04EC0-301F-11D3-BF4B-00C04F79EFBC}") = "ConsoleExamples", "ConsoleExamples\ConsoleExamples.csproj", "{D51A5107-37EA-4DCA-8FF9-D32BD38508A5}"
EndProject
Project("{FAE04EC0-301F-11D3-BF4B-00C04F79EFBC}") = "mbedCloudSDK", "mbedCloudSDK\mbedCloudSDK.csproj", "{7C35731A-8701-45BA-9478-76027FEEB003}"
EndProject
Project("{FAE04EC0-301F-11D3-BF4B-00C04F79EFBC}") = "mbedCloudSDK.UnitTests", "mbedCloudSDK.UnitTests\mbedCloudSDK.UnitTests.csproj", "{39B90AFF-53CA-4361-8150-435E98B53061}"
EndProject
Global
	GlobalSection(SolutionConfigurationPlatforms) = preSolution
		Debug|Any CPU = Debug|Any CPU
		Release|Any CPU = Release|Any CPU
	EndGlobalSection
	GlobalSection(ProjectConfigurationPlatforms) = postSolution
		{D51A5107-37EA-4DCA-8FF9-D32BD38508A5}.Debug|Any CPU.ActiveCfg = Debug|Any CPU
		{D51A5107-37EA-4DCA-8FF9-D32BD38508A5}.Debug|Any CPU.Build.0 = Debug|Any CPU
		{D51A5107-37EA-4DCA-8FF9-D32BD38508A5}.Release|Any CPU.ActiveCfg = Release|Any CPU
		{D51A5107-37EA-4DCA-8FF9-D32BD38508A5}.Release|Any CPU.Build.0 = Release|Any CPU
		{7C35731A-8701-45BA-9478-76027FEEB003}.Debug|Any CPU.ActiveCfg = Debug|Any CPU
		{7C35731A-8701-45BA-9478-76027FEEB003}.Debug|Any CPU.Build.0 = Debug|Any CPU
		{7C35731A-8701-45BA-9478-76027FEEB003}.Release|Any CPU.ActiveCfg = Release|Any CPU
		{7C35731A-8701-45BA-9478-76027FEEB003}.Release|Any CPU.Build.0 = Release|Any CPU
		{39B90AFF-53CA-4361-8150-435E98B53061}.Debug|Any CPU.ActiveCfg = Debug|Any CPU
		{39B90AFF-53CA-4361-8150-435E98B53061}.Debug|Any CPU.Build.0 = Debug|Any CPU
		{39B90AFF-53CA-4361-8150-435E98B53061}.Release|Any CPU.ActiveCfg = Release|Any CPU
		{39B90AFF-53CA-4361-8150-435E98B53061}.Release|Any CPU.Build.0 = Release|Any CPU
	EndGlobalSection
	GlobalSection(SolutionProperties) = preSolution
		HideSolutionNode = FALSE
	EndGlobalSection
	GlobalSection(NestedProjects) = preSolution
		{D51A5107-37EA-4DCA-8FF9-D32BD38508A5} = {36601451-DCEC-4FF3-A073-D740D80DAB16}
	EndGlobalSection
	GlobalSection(MonoDevelopProperties) = preSolution
		Policies = $0
		$0.TextStylePolicy = $1
		$1.FileWidth = 120
		$1.inheritsSet = VisualStudio
		$1.inheritsScope = text/plain
		$1.scope = text/plain
		$1.TabsToSpaces = False
		$0.CSharpFormattingPolicy = $2
		$2.IndentSwitchSection = True
		$2.NewLinesForBracesInProperties = True
		$2.NewLinesForBracesInAccessors = True
		$2.NewLinesForBracesInAnonymousMethods = True
		$2.NewLinesForBracesInControlBlocks = True
		$2.NewLinesForBracesInAnonymousTypes = True
		$2.NewLinesForBracesInObjectCollectionArrayInitializers = True
		$2.NewLinesForBracesInLambdaExpressionBody = True
		$2.NewLineForElse = True
		$2.NewLineForCatch = True
		$2.NewLineForFinally = True
		$2.NewLineForMembersInObjectInit = True
		$2.NewLineForMembersInAnonymousTypes = True
		$2.NewLineForClausesInQuery = True
		$2.SpacingAfterMethodDeclarationName = False
		$2.SpaceAfterMethodCallName = False
		$2.SpaceBeforeOpenSquareBracket = False
		$2.inheritsSet = Mono
		$2.inheritsScope = text/x-csharp
		$2.scope = text/x-csharp
		$0.DotNetNamingPolicy = $3
		$3.DirectoryNamespaceAssociation = None
		$3.ResourceNamePolicy = FileFormatDefault
	EndGlobalSection
EndGlobal
